
Microsoft Visual Studio Solution File, Format Version 12.00
Project("{FAE04EC0-301F-11D3-BF4B-00C04F79EFBC}") = "Selenium", "Selenium\Selenium.csproj", "{95CFC66E-F736-453E-926A-7A6FD8E5B76E}"
EndProject
Project("{FAE04EC0-301F-11D3-BF4B-00C04F79EFBC}") = "Selenium.Tests", "Selenium.Tests\Selenium.Tests.csproj", "{21708E57-E1D1-4755-A53C-1EE15330E509}"
EndProject
Global
	GlobalSection(SolutionConfigurationPlatforms) = preSolution
		Debug|Any CPU = Debug|Any CPU
		Release|Any CPU = Release|Any CPU
	EndGlobalSection
	GlobalSection(ProjectConfigurationPlatforms) = postSolution
		{95CFC66E-F736-453E-926A-7A6FD8E5B76E}.Debug|Any CPU.ActiveCfg = Debug|Any CPU
		{95CFC66E-F736-453E-926A-7A6FD8E5B76E}.Debug|Any CPU.Build.0 = Debug|Any CPU
		{95CFC66E-F736-453E-926A-7A6FD8E5B76E}.Release|Any CPU.ActiveCfg = Release|Any CPU
		{95CFC66E-F736-453E-926A-7A6FD8E5B76E}.Release|Any CPU.Build.0 = Release|Any CPU
		{21708E57-E1D1-4755-A53C-1EE15330E509}.Debug|Any CPU.ActiveCfg = Debug|Any CPU
		{21708E57-E1D1-4755-A53C-1EE15330E509}.Debug|Any CPU.Build.0 = Debug|Any CPU
		{21708E57-E1D1-4755-A53C-1EE15330E509}.Release|Any CPU.ActiveCfg = Release|Any CPU
		{21708E57-E1D1-4755-A53C-1EE15330E509}.Release|Any CPU.Build.0 = Release|Any CPU
	EndGlobalSection
EndGlobal
